
Microsoft Visual Studio Solution File, Format Version 12.00
# Visual Studio 15
VisualStudioVersion = 15.0.28307.421
MinimumVisualStudioVersion = 10.0.40219.1
Project("{8BC9CEB8-8B4A-11D0-8D11-00A0C91BC942}") = "NvencSessionLimitBump", "NvencSessionLimitBump\NvencSessionLimitBump.vcxproj", "{82C656DC-D672-4C4D-A87F-ABBA6ADDBE99}"
EndProject
Global
	GlobalSection(SolutionConfigurationPlatforms) = preSolution
		Debug|x64 = Debug|x64
		Release|x64 = Release|x64
	EndGlobalSection
	GlobalSection(ProjectConfigurationPlatforms) = postSolution
		{82C656DC-D672-4C4D-A87F-ABBA6ADDBE99}.Debug|x64.ActiveCfg = Debug|x64
		{82C656DC-D672-4C4D-A87F-ABBA6ADDBE99}.Debug|x64.Build.0 = Debug|x64
		{82C656DC-D672-4C4D-A87F-ABBA6ADDBE99}.Release|x64.ActiveCfg = Release|x64
		{82C656DC-D672-4C4D-A87F-ABBA6ADDBE99}.Release|x64.Build.0 = Release|x64
	EndGlobalSection
	GlobalSection(SolutionProperties) = preSolution
		HideSolutionNode = FALSE
	EndGlobalSection
	GlobalSection(ExtensibilityGlobals) = postSolution
		SolutionGuid = {E6328D33-A7C8-4AC8-A5FF-61CAEBC8AE12}
	EndGlobalSection
EndGlobal
